
Microsoft Visual Studio Solution File, Format Version 12.00
# Visual Studio 2013
VisualStudioVersion = 12.0.40629.0
MinimumVisualStudioVersion = 10.0.40219.1
Project("{8BC9CEB8-8B4A-11D0-8D11-00A0C91BC942}") = "soui", "SOUI\soui.vcxproj", "{E7B5140C-2BFA-320F-A981-BC98D0F5B2C0}"
EndProject
Project("{8BC9CEB8-8B4A-11D0-8D11-00A0C91BC942}") = "soui-sys-resource", "soui-sys-resource\soui-sys-resource.vcxproj", "{C0E73CD1-8D74-3DD4-A766-9DBC8B6B206C}"
EndProject
Project("{8BC9CEB8-8B4A-11D0-8D11-00A0C91BC942}") = "utilities", "utilities\utilities.vcxproj", "{C2B034F6-3E66-3632-8CBF-452C2E6C9BA9}"
EndProject
Project("{2150E333-8FDC-42A3-9474-1A3956D46DE8}") = "Components", "Components", "{9F44398B-76AF-4919-9387-AB9E3275F414}"
EndProject
Project("{2150E333-8FDC-42A3-9474-1A3956D46DE8}") = "imgdecoder", "imgdecoder", "{7E684462-F09E-45C5-B7F6-EF602A47834B}"
EndProject
Project("{8BC9CEB8-8B4A-11D0-8D11-00A0C91BC942}") = "imgdecoder-png", "components\imgdecoder-png\imgdecoder-png.vcxproj", "{CA87CA7E-F08D-3537-87A2-5E88B450DF36}"
EndProject
Project("{8BC9CEB8-8B4A-11D0-8D11-00A0C91BC942}") = "log4z", "components\log4z\log4z.vcxproj", "{3365DBCE-679B-34FE-A347-E1E69217BBF0}"
EndProject
Project("{8BC9CEB8-8B4A-11D0-8D11-00A0C91BC942}") = "render-gdi", "components\render-gdi\render-gdi.vcxproj", "{E9EA7D7D-8D5A-3F2C-85B9-056200C58EB6}"
EndProject
Project("{8BC9CEB8-8B4A-11D0-8D11-00A0C91BC942}") = "render-skia", "components\render-skia\render-skia.vcxproj", "{C26A8689-8880-3EDA-B493-E87AC1EA82BA}"
EndProject
Project("{8BC9CEB8-8B4A-11D0-8D11-00A0C91BC942}") = "resprovider-zip", "components\resprovider-zip\resprovider-zip.vcxproj", "{E52A3642-02A7-38FA-964D-9D4321F7BEA9}"
EndProject
Project("{8BC9CEB8-8B4A-11D0-8D11-00A0C91BC942}") = "translator", "components\translator\translator.vcxproj", "{011C35B5-1944-3E4F-8E34-5E17EA3BC205}"
EndProject
Project("{2150E333-8FDC-42A3-9474-1A3956D46DE8}") = "Third-part", "Third-part", "{301E04E8-09A2-4D80-87E7-1E787BDB7162}"
EndProject
Project("{8BC9CEB8-8B4A-11D0-8D11-00A0C91BC942}") = "png", "third-part\png\png.vcxproj", "{56476EA3-21CB-3578-B986-9A2A160FEF06}"
EndProject
Project("{8BC9CEB8-8B4A-11D0-8D11-00A0C91BC942}") = "skia", "third-part\skia\skia.vcxproj", "{022D2356-8EF6-3EA3-A0D2-F1786190B6E1}"
EndProject
Project("{8BC9CEB8-8B4A-11D0-8D11-00A0C91BC942}") = "zlib", "third-part\zlib\zlib.vcxproj", "{C6B15D6F-F41E-3CEA-8F51-229CAD73D49E}"
EndProject
Global
	GlobalSection(SolutionConfigurationPlatforms) = preSolution
		Debug|Win32 = Debug|Win32
		Release|Win32 = Release|Win32
	EndGlobalSection
	GlobalSection(ProjectConfigurationPlatforms) = postSolution
		{E7B5140C-2BFA-320F-A981-BC98D0F5B2C0}.Debug|Win32.ActiveCfg = Debug|Win32
		{E7B5140C-2BFA-320F-A981-BC98D0F5B2C0}.Debug|Win32.Build.0 = Debug|Win32
		{E7B5140C-2BFA-320F-A981-BC98D0F5B2C0}.Release|Win32.ActiveCfg = Release|Win32
		{E7B5140C-2BFA-320F-A981-BC98D0F5B2C0}.Release|Win32.Build.0 = Release|Win32
		{C0E73CD1-8D74-3DD4-A766-9DBC8B6B206C}.Debug|Win32.ActiveCfg = Debug|Win32
		{C0E73CD1-8D74-3DD4-A766-9DBC8B6B206C}.Debug|Win32.Build.0 = Debug|Win32
		{C0E73CD1-8D74-3DD4-A766-9DBC8B6B206C}.Release|Win32.ActiveCfg = Release|Win32
		{C0E73CD1-8D74-3DD4-A766-9DBC8B6B206C}.Release|Win32.Build.0 = Release|Win32
		{C2B034F6-3E66-3632-8CBF-452C2E6C9BA9}.Debug|Win32.ActiveCfg = Debug|Win32
		{C2B034F6-3E66-3632-8CBF-452C2E6C9BA9}.Debug|Win32.Build.0 = Debug|Win32
		{C2B034F6-3E66-3632-8CBF-452C2E6C9BA9}.Release|Win32.ActiveCfg = Release|Win32
		{C2B034F6-3E66-3632-8CBF-452C2E6C9BA9}.Release|Win32.Build.0 = Release|Win32
		{CA87CA7E-F08D-3537-87A2-5E88B450DF36}.Debug|Win32.ActiveCfg = Debug|Win32
		{CA87CA7E-F08D-3537-87A2-5E88B450DF36}.Debug|Win32.Build.0 = Debug|Win32
		{CA87CA7E-F08D-3537-87A2-5E88B450DF36}.Release|Win32.ActiveCfg = Release|Win32
		{CA87CA7E-F08D-3537-87A2-5E88B450DF36}.Release|Win32.Build.0 = Release|Win32
		{3365DBCE-679B-34FE-A347-E1E69217BBF0}.Debug|Win32.ActiveCfg = Debug|Win32
		{3365DBCE-679B-34FE-A347-E1E69217BBF0}.Debug|Win32.Build.0 = Debug|Win32
		{3365DBCE-679B-34FE-A347-E1E69217BBF0}.Release|Win32.ActiveCfg = Release|Win32
		{3365DBCE-679B-34FE-A347-E1E69217BBF0}.Release|Win32.Build.0 = Release|Win32
		{E9EA7D7D-8D5A-3F2C-85B9-056200C58EB6}.Debug|Win32.ActiveCfg = Debug|Win32
		{E9EA7D7D-8D5A-3F2C-85B9-056200C58EB6}.Debug|Win32.Build.0 = Debug|Win32
		{E9EA7D7D-8D5A-3F2C-85B9-056200C58EB6}.Release|Win32.ActiveCfg = Release|Win32
		{E9EA7D7D-8D5A-3F2C-85B9-056200C58EB6}.Release|Win32.Build.0 = Release|Win32
		{C26A8689-8880-3EDA-B493-E87AC1EA82BA}.Debug|Win32.ActiveCfg = Debug|Win32
		{C26A8689-8880-3EDA-B493-E87AC1EA82BA}.Debug|Win32.Build.0 = Debug|Win32
		{C26A8689-8880-3EDA-B493-E87AC1EA82BA}.Release|Win32.ActiveCfg = Release|Win32
		{C26A8689-8880-3EDA-B493-E87AC1EA82BA}.Release|Win32.Build.0 = Release|Win32
		{E52A3642-02A7-38FA-964D-9D4321F7BEA9}.Debug|Win32.ActiveCfg = Debug|Win32
		{E52A3642-02A7-38FA-964D-9D4321F7BEA9}.Debug|Win32.Build.0 = Debug|Win32
		{E52A3642-02A7-38FA-964D-9D4321F7BEA9}.Release|Win32.ActiveCfg = Release|Win32
		{E52A3642-02A7-38FA-964D-9D4321F7BEA9}.Release|Win32.Build.0 = Release|Win32
		{011C35B5-1944-3E4F-8E34-5E17EA3BC205}.Debug|Win32.ActiveCfg = Debug|Win32
		{011C35B5-1944-3E4F-8E34-5E17EA3BC205}.Debug|Win32.Build.0 = Debug|Win32
		{011C35B5-1944-3E4F-8E34-5E17EA3BC205}.Release|Win32.ActiveCfg = Release|Win32
		{011C35B5-1944-3E4F-8E34-5E17EA3BC205}.Release|Win32.Build.0 = Release|Win32
		{56476EA3-21CB-3578-B986-9A2A160FEF06}.Debug|Win32.ActiveCfg = Debug|Win32
		{56476EA3-21CB-3578-B986-9A2A160FEF06}.Debug|Win32.Build.0 = Debug|Win32
		{56476EA3-21CB-3578-B986-9A2A160FEF06}.Release|Win32.ActiveCfg = Release|Win32
		{56476EA3-21CB-3578-B986-9A2A160FEF06}.Release|Win32.Build.0 = Release|Win32
		{022D2356-8EF6-3EA3-A0D2-F1786190B6E1}.Debug|Win32.ActiveCfg = Debug|Win32
		{022D2356-8EF6-3EA3-A0D2-F1786190B6E1}.Debug|Win32.Build.0 = Debug|Win32
		{022D2356-8EF6-3EA3-A0D2-F1786190B6E1}.Release|Win32.ActiveCfg = Release|Win32
		{022D2356-8EF6-3EA3-A0D2-F1786190B6E1}.Release|Win32.Build.0 = Release|Win32
		{C6B15D6F-F41E-3CEA-8F51-229CAD73D49E}.Debug|Win32.ActiveCfg = Debug|Win32
		{C6B15D6F-F41E-3CEA-8F51-229CAD73D49E}.Debug|Win32.Build.0 = Debug|Win32
		{C6B15D6F-F41E-3CEA-8F51-229CAD73D49E}.Release|Win32.ActiveCfg = Release|Win32
		{C6B15D6F-F41E-3CEA-8F51-229CAD73D49E}.Release|Win32.Build.0 = Release|Win32
	EndGlobalSection
	GlobalSection(SolutionProperties) = preSolution
		HideSolutionNode = FALSE
	EndGlobalSection
	GlobalSection(NestedProjects) = preSolution
		{7E684462-F09E-45C5-B7F6-EF602A47834B} = {9F44398B-76AF-4919-9387-AB9E3275F414}
		{CA87CA7E-F08D-3537-87A2-5E88B450DF36} = {7E684462-F09E-45C5-B7F6-EF602A47834B}
		{3365DBCE-679B-34FE-A347-E1E69217BBF0} = {9F44398B-76AF-4919-9387-AB9E3275F414}
		{E9EA7D7D-8D5A-3F2C-85B9-056200C58EB6} = {9F44398B-76AF-4919-9387-AB9E3275F414}
		{C26A8689-8880-3EDA-B493-E87AC1EA82BA} = {9F44398B-76AF-4919-9387-AB9E3275F414}
		{E52A3642-02A7-38FA-964D-9D4321F7BEA9} = {9F44398B-76AF-4919-9387-AB9E3275F414}
		{011C35B5-1944-3E4F-8E34-5E17EA3BC205} = {9F44398B-76AF-4919-9387-AB9E3275F414}
		{301E04E8-09A2-4D80-87E7-1E787BDB7162} = {9F44398B-76AF-4919-9387-AB9E3275F414}
		{56476EA3-21CB-3578-B986-9A2A160FEF06} = {301E04E8-09A2-4D80-87E7-1E787BDB7162}
		{022D2356-8EF6-3EA3-A0D2-F1786190B6E1} = {301E04E8-09A2-4D80-87E7-1E787BDB7162}
		{C6B15D6F-F41E-3CEA-8F51-229CAD73D49E} = {301E04E8-09A2-4D80-87E7-1E787BDB7162}
	EndGlobalSection
EndGlobal
